// !$*UTF8*$!
{
	archiveVersion = 1;
	classes = {
	};
	objectVersion = 50;
	objects = {

/* Begin PBXBuildFile section */
		6AD9DFA525FE57640066BCEF /* practiceApp.swift in Sources */ = {isa = PBXBuildFile; fileRef = 6AD9DFA425FE57640066BCEF /* practiceApp.swift */; };
		6AD9DFA725FE57640066BCEF /* ContentView.swift in Sources */ = {isa = PBXBuildFile; fileRef = 6AD9DFA625FE57640066BCEF /* ContentView.swift */; };
		6AD9DFA925FE57670066BCEF /* Assets.xcassets in Resources */ = {isa = PBXBuildFile; fileRef = 6AD9DFA825FE57670066BCEF /* Assets.xcassets */; };
		6AD9DFAC25FE57670066BCEF /* Preview Assets.xcassets in Resources */ = {isa = PBXBuildFile; fileRef = 6AD9DFAB25FE57670066BCEF /* Preview Assets.xcassets */; };
		6AD9DFB725FE57680066BCEF /* practiceTests.swift in Sources */ = {isa = PBXBuildFile; fileRef = 6AD9DFB625FE57680066BCEF /* practiceTests.swift */; };
		6AD9DFC225FE57680066BCEF /* practiceUITests.swift in Sources */ = {isa = PBXBuildFile; fileRef = 6AD9DFC125FE57680066BCEF /* practiceUITests.swift */; };
/* End PBXBuildFile section */

/* Begin PBXContainerItemProxy section */
		6AD9DFB325FE57680066BCEF /* PBXContainerItemProxy */ = {
			isa = PBXContainerItemProxy;
			containerPortal = 6AD9DF9925FE57640066BCEF /* Project object */;
			proxyType = 1;
			remoteGlobalIDString = 6AD9DFA025FE57640066BCEF;
			remoteInfo = practice;
		};
		6AD9DFBE25FE57680066BCEF /* PBXContainerItemProxy */ = {
			isa = PBXContainerItemProxy;
			containerPortal = 6AD9DF9925FE57640066BCEF /* Project object */;
			proxyType = 1;
			remoteGlobalIDString = 6AD9DFA025FE57640066BCEF;
			remoteInfo = practice;
		};
/* End PBXContainerItemProxy section */

/* Begin PBXFileReference section */
		6AD9DFA125FE57640066BCEF /* practice.app */ = {isa = PBXFileReference; explicitFileType = wrapper.application; includeInIndex = 0; path = practice.app; sourceTree = BUILT_PRODUCTS_DIR; };
		6AD9DFA425FE57640066BCEF /* practiceApp.swift */ = {isa = PBXFileReference; lastKnownFileType = sourcecode.swift; path = practiceApp.swift; sourceTree = "<group>"; };
		6AD9DFA625FE57640066BCEF /* ContentView.swift */ = {isa = PBXFileReference; lastKnownFileType = sourcecode.swift; path = ContentView.swift; sourceTree = "<group>"; };
		6AD9DFA825FE57670066BCEF /* Assets.xcassets */ = {isa = PBXFileReference; lastKnownFileType = folder.assetcatalog; path = Assets.xcassets; sourceTree = "<group>"; };
		6AD9DFAB25FE57670066BCEF /* Preview Assets.xcassets */ = {isa = PBXFileReference; lastKnownFileType = folder.assetcatalog; path = "Preview Assets.xcassets"; sourceTree = "<group>"; };
		6AD9DFAD25FE57670066BCEF /* Info.plist */ = {isa = PBXFileReference; lastKnownFileType = text.plist.xml; path = Info.plist; sourceTree = "<group>"; };
		6AD9DFB225FE57680066BCEF /* practiceTests.xctest */ = {isa = PBXFileReference; explicitFileType = wrapper.cfbundle; includeInIndex = 0; path = practiceTests.xctest; sourceTree = BUILT_PRODUCTS_DIR; };
		6AD9DFB625FE57680066BCEF /* practiceTests.swift */ = {isa = PBXFileReference; lastKnownFileType = sourcecode.swift; path = practiceTests.swift; sourceTree = "<group>"; };
		6AD9DFB825FE57680066BCEF /* Info.plist */ = {isa = PBXFileReference; lastKnownFileType = text.plist.xml; path = Info.plist; sourceTree = "<group>"; };
		6AD9DFBD25FE57680066BCEF /* practiceUITests.xctest */ = {isa = PBXFileReference; explicitFileType = wrapper.cfbundle; includeInIndex = 0; path = practiceUITests.xctest; sourceTree = BUILT_PRODUCTS_DIR; };
		6AD9DFC125FE57680066BCEF /* practiceUITests.swift */ = {isa = PBXFileReference; lastKnownFileType = sourcecode.swift; path = practiceUITests.swift; sourceTree = "<group>"; };
		6AD9DFC325FE57680066BCEF /* Info.plist */ = {isa = PBXFileReference; lastKnownFileType = text.plist.xml; path = Info.plist; sourceTree = "<group>"; };
/* End PBXFileReference section */

/* Begin PBXFrameworksBuildPhase section */
		6AD9DF9E25FE57640066BCEF /* Frameworks */ = {
			isa = PBXFrameworksBuildPhase;
			buildActionMask = 2147483647;
			files = (
			);
			runOnlyForDeploymentPostprocessing = 0;
		};
		6AD9DFAF25FE57680066BCEF /* Frameworks */ = {
			isa = PBXFrameworksBuildPhase;
			buildActionMask = 2147483647;
			files = (
			);
			runOnlyForDeploymentPostprocessing = 0;
		};
		6AD9DFBA25FE57680066BCEF /* Frameworks */ = {
			isa = PBXFrameworksBuildPhase;
			buildActionMask = 2147483647;
			files = (
			);
			runOnlyForDeploymentPostprocessing = 0;
		};
/* End PBXFrameworksBuildPhase section */

/* Begin PBXGroup section */
		6AD9DF9825FE57640066BCEF = {
			isa = PBXGroup;
			children = (
				6AD9DFA325FE57640066BCEF /* practice */,
				6AD9DFB525FE57680066BCEF /* practiceTests */,
				6AD9DFC025FE57680066BCEF /* practiceUITests */,
				6AD9DFA225FE57640066BCEF /* Products */,
			);
			sourceTree = "<group>";
		};
		6AD9DFA225FE57640066BCEF /* Products */ = {
			isa = PBXGroup;
			children = (
				6AD9DFA125FE57640066BCEF /* practice.app */,
				6AD9DFB225FE57680066BCEF /* practiceTests.xctest */,
				6AD9DFBD25FE57680066BCEF /* practiceUITests.xctest */,
			);
			name = Products;
			sourceTree = "<group>";
		};
		6AD9DFA325FE57640066BCEF /* practice */ = {
			isa = PBXGroup;
			children = (
				6AD9DFA425FE57640066BCEF /* practiceApp.swift */,
				6AD9DFA625FE57640066BCEF /* ContentView.swift */,
				6AD9DFA825FE57670066BCEF /* Assets.xcassets */,
				6AD9DFAD25FE57670066BCEF /* Info.plist */,
				6AD9DFAA25FE57670066BCEF /* Preview Content */,
			);
			path = practice;
			sourceTree = "<group>";
		};
		6AD9DFAA25FE57670066BCEF /* Preview Content */ = {
			isa = PBXGroup;
			children = (
				6AD9DFAB25FE57670066BCEF /* Preview Assets.xcassets */,
			);
			path = "Preview Content";
			sourceTree = "<group>";
		};
		6AD9DFB525FE57680066BCEF /* practiceTests */ = {
			isa = PBXGroup;
			children = (
				6AD9DFB625FE57680066BCEF /* practiceTests.swift */,
				6AD9DFB825FE57680066BCEF /* Info.plist */,
			);
			path = practiceTests;
			sourceTree = "<group>";
		};
		6AD9DFC025FE57680066BCEF /* practiceUITests */ = {
			isa = PBXGroup;
			children = (
				6AD9DFC125FE57680066BCEF /* practiceUITests.swift */,
				6AD9DFC325FE57680066BCEF /* Info.plist */,
			);
			path = practiceUITests;
			sourceTree = "<group>";
		};
/* End PBXGroup section */

/* Begin PBXNativeTarget section */
		6AD9DFA025FE57640066BCEF /* practice */ = {
			isa = PBXNativeTarget;
			buildConfigurationList = 6AD9DFC625FE57680066BCEF /* Build configuration list for PBXNativeTarget "practice" */;
			buildPhases = (
				6AD9DF9D25FE57640066BCEF /* Sources */,
				6AD9DF9E25FE57640066BCEF /* Frameworks */,
				6AD9DF9F25FE57640066BCEF /* Resources */,
			);
			buildRules = (
			);
			dependencies = (
			);
			name = practice;
			productName = practice;
			productReference = 6AD9DFA125FE57640066BCEF /* practice.app */;
			productType = "com.apple.product-type.application";
		};
		6AD9DFB125FE57680066BCEF /* practiceTests */ = {
			isa = PBXNativeTarget;
			buildConfigurationList = 6AD9DFC925FE57680066BCEF /* Build configuration list for PBXNativeTarget "practiceTests" */;
			buildPhases = (
				6AD9DFAE25FE57680066BCEF /* Sources */,
				6AD9DFAF25FE57680066BCEF /* Frameworks */,
				6AD9DFB025FE57680066BCEF /* Resources */,
			);
			buildRules = (
			);
			dependencies = (
				6AD9DFB425FE57680066BCEF /* PBXTargetDependency */,
			);
			name = practiceTests;
			productName = practiceTests;
			productReference = 6AD9DFB225FE57680066BCEF /* practiceTests.xctest */;
			productType = "com.apple.product-type.bundle.unit-test";
		};
		6AD9DFBC25FE57680066BCEF /* practiceUITests */ = {
			isa = PBXNativeTarget;
			buildConfigurationList = 6AD9DFCC25FE57680066BCEF /* Build configuration list for PBXNativeTarget "practiceUITests" */;
			buildPhases = (
				6AD9DFB925FE57680066BCEF /* Sources */,
				6AD9DFBA25FE57680066BCEF /* Frameworks */,
				6AD9DFBB25FE57680066BCEF /* Resources */,
			);
			buildRules = (
			);
			dependencies = (
				6AD9DFBF25FE57680066BCEF /* PBXTargetDependency */,
			);
			name = practiceUITests;
			productName = practiceUITests;
			productReference = 6AD9DFBD25FE57680066BCEF /* practiceUITests.xctest */;
			productType = "com.apple.product-type.bundle.ui-testing";
		};
/* End PBXNativeTarget section */

/* Begin PBXProject section */
		6AD9DF9925FE57640066BCEF /* Project object */ = {
			isa = PBXProject;
			attributes = {
				LastSwiftUpdateCheck = 1240;
				LastUpgradeCheck = 1240;
				TargetAttributes = {
					6AD9DFA025FE57640066BCEF = {
						CreatedOnToolsVersion = 12.4;
					};
					6AD9DFB125FE57680066BCEF = {
						CreatedOnToolsVersion = 12.4;
						TestTargetID = 6AD9DFA025FE57640066BCEF;
					};
					6AD9DFBC25FE57680066BCEF = {
						CreatedOnToolsVersion = 12.4;
						TestTargetID = 6AD9DFA025FE57640066BCEF;
					};
				};
			};
			buildConfigurationList = 6AD9DF9C25FE57640066BCEF /* Build configuration list for PBXProject "practice" */;
			compatibilityVersion = "Xcode 9.3";
			developmentRegion = en;
			hasScannedForEncodings = 0;
			knownRegions = (
				en,
				Base,
			);
			mainGroup = 6AD9DF9825FE57640066BCEF;
			productRefGroup = 6AD9DFA225FE57640066BCEF /* Products */;
			projectDirPath = "";
			projectRoot = "";
			targets = (
				6AD9DFA025FE57640066BCEF /* practice */,
				6AD9DFB125FE57680066BCEF /* practiceTests */,
				6AD9DFBC25FE57680066BCEF /* practiceUITests */,
			);
		};
/* End PBXProject section */

/* Begin PBXResourcesBuildPhase section */
		6AD9DF9F25FE57640066BCEF /* Resources */ = {
			isa = PBXResourcesBuildPhase;
			buildActionMask = 2147483647;
			files = (
				6AD9DFAC25FE57670066BCEF /* Preview Assets.xcassets in Resources */,
				6AD9DFA925FE57670066BCEF /* Assets.xcassets in Resources */,
			);
			runOnlyForDeploymentPostprocessing = 0;
		};
		6AD9DFB025FE57680066BCEF /* Resources */ = {
			isa = PBXResourcesBuildPhase;
			buildActionMask = 2147483647;
			files = (
			);
			runOnlyForDeploymentPostprocessing = 0;
		};
		6AD9DFBB25FE57680066BCEF /* Resources */ = {
			isa = PBXResourcesBuildPhase;
			buildActionMask = 2147483647;
			files = (
			);
			runOnlyForDeploymentPostprocessing = 0;
		};
/* End PBXResourcesBuildPhase section */

/* Begin PBXSourcesBuildPhase section */
		6AD9DF9D25FE57640066BCEF /* Sources */ = {
			isa = PBXSourcesBuildPhase;
			buildActionMask = 2147483647;
			files = (
				6AD9DFA725FE57640066BCEF /* ContentView.swift in Sources */,
				6AD9DFA525FE57640066BCEF /* practiceApp.swift in Sources */,
			);
			runOnlyForDeploymentPostprocessing = 0;
		};
		6AD9DFAE25FE57680066BCEF /* Sources */ = {
			isa = PBXSourcesBuildPhase;
			buildActionMask = 2147483647;
			files = (
				6AD9DFB725FE57680066BCEF /* practiceTests.swift in Sources */,
			);
			runOnlyForDeploymentPostprocessing = 0;
		};
		6AD9DFB925FE57680066BCEF /* Sources */ = {
			isa = PBXSourcesBuildPhase;
			buildActionMask = 2147483647;
			files = (
				6AD9DFC225FE57680066BCEF /* practiceUITests.swift in Sources */,
			);
			runOnlyForDeploymentPostprocessing = 0;
		};
/* End PBXSourcesBuildPhase section */

/* Begin PBXTargetDependency section */
		6AD9DFB425FE57680066BCEF /* PBXTargetDependency */ = {
			isa = PBXTargetDependency;
			target = 6AD9DFA025FE57640066BCEF /* practice */;
			targetProxy = 6AD9DFB325FE57680066BCEF /* PBXContainerItemProxy */;
		};
		6AD9DFBF25FE57680066BCEF /* PBXTargetDependency */ = {
			isa = PBXTargetDependency;
			target = 6AD9DFA025FE57640066BCEF /* practice */;
			targetProxy = 6AD9DFBE25FE57680066BCEF /* PBXContainerItemProxy */;
		};
/* End PBXTargetDependency section */

/* Begin XCBuildConfiguration section */
		6AD9DFC425FE57680066BCEF /* Debug */ = {
			isa = XCBuildConfiguration;
			buildSettings = {
				ALWAYS_SEARCH_USER_PATHS = NO;
				CLANG_ANALYZER_NONNULL = YES;
				CLANG_ANALYZER_NUMBER_OBJECT_CONVERSION = YES_AGGRESSIVE;
				CLANG_CXX_LANGUAGE_STANDARD = "gnu++14";
				CLANG_CXX_LIBRARY = "libc++";
				CLANG_ENABLE_MODULES = YES;
				CLANG_ENABLE_OBJC_ARC = YES;
				CLANG_ENABLE_OBJC_WEAK = YES;
				CLANG_WARN_BLOCK_CAPTURE_AUTORELEASING = YES;
				CLANG_WARN_BOOL_CONVERSION = YES;
				CLANG_WARN_COMMA = YES;
				CLANG_WARN_CONSTANT_CONVERSION = YES;
				CLANG_WARN_DEPRECATED_OBJC_IMPLEMENTATIONS = YES;
				CLANG_WARN_DIRECT_OBJC_ISA_USAGE = YES_ERROR;
				CLANG_WARN_DOCUMENTATION_COMMENTS = YES;
				CLANG_WARN_EMPTY_BODY = YES;
				CLANG_WARN_ENUM_CONVERSION = YES;
				CLANG_WARN_INFINITE_RECURSION = YES;
				CLANG_WARN_INT_CONVERSION = YES;
				CLANG_WARN_NON_LITERAL_NULL_CONVERSION = YES;
				CLANG_WARN_OBJC_IMPLICIT_RETAIN_SELF = YES;
				CLANG_WARN_OBJC_LITERAL_CONVERSION = YES;
				CLANG_WARN_OBJC_ROOT_CLASS = YES_ERROR;
				CLANG_WARN_QUOTED_INCLUDE_IN_FRAMEWORK_HEADER = YES;
				CLANG_WARN_RANGE_LOOP_ANALYSIS = YES;
				CLANG_WARN_STRICT_PROTOTYPES = YES;
				CLANG_WARN_SUSPICIOUS_MOVE = YES;
				CLANG_WARN_UNGUARDED_AVAILABILITY = YES_AGGRESSIVE;
				CLANG_WARN_UNREACHABLE_CODE = YES;
				CLANG_WARN__DUPLICATE_METHOD_MATCH = YES;
				COPY_PHASE_STRIP = NO;
				DEBUG_INFORMATION_FORMAT = dwarf;
				ENABLE_STRICT_OBJC_MSGSEND = YES;
				ENABLE_TESTABILITY = YES;
				GCC_C_LANGUAGE_STANDARD = gnu11;
				GCC_DYNAMIC_NO_PIC = NO;
				GCC_NO_COMMON_BLOCKS = YES;
				GCC_OPTIMIZATION_LEVEL = 0;
				GCC_PREPROCESSOR_DEFINITIONS = (
					"DEBUG=1",
					"$(inherited)",
				);
				GCC_WARN_64_TO_32_BIT_CONVERSION = YES;
				GCC_WARN_ABOUT_RETURN_TYPE = YES_ERROR;
				GCC_WARN_UNDECLARED_SELECTOR = YES;
				GCC_WARN_UNINITIALIZED_AUTOS = YES_AGGRESSIVE;
				GCC_WARN_UNUSED_FUNCTION = YES;
				GCC_WARN_UNUSED_VARIABLE = YES;
				IPHONEOS_DEPLOYMENT_TARGET = 14.4;
				MTL_ENABLE_DEBUG_INFO = INCLUDE_SOURCE;
				MTL_FAST_MATH = YES;
				ONLY_ACTIVE_ARCH = YES;
				SDKROOT = iphoneos;
				SWIFT_ACTIVE_COMPILATION_CONDITIONS = DEBUG;
				SWIFT_OPTIMIZATION_LEVEL = "-Onone";
			};
			name = Debug;
		};
		6AD9DFC525FE57680066BCEF /* Release */ = {
			isa = XCBuildConfiguration;
			buildSettings = {
				ALWAYS_SEARCH_USER_PATHS = NO;
				CLANG_ANALYZER_NONNULL = YES;
				CLANG_ANALYZER_NUMBER_OBJECT_CONVERSION = YES_AGGRESSIVE;
				CLANG_CXX_LANGUAGE_STANDARD = "gnu++14";
				CLANG_CXX_LIBRARY = "libc++";
				CLANG_ENABLE_MODULES = YES;
				CLANG_ENABLE_OBJC_ARC = YES;
				CLANG_ENABLE_OBJC_WEAK = YES;
				CLANG_WARN_BLOCK_CAPTURE_AUTORELEASING = YES;
				CLANG_WARN_BOOL_CONVERSION = YES;
				CLANG_WARN_COMMA = YES;
				CLANG_WARN_CONSTANT_CONVERSION = YES;
				CLANG_WARN_DEPRECATED_OBJC_IMPLEMENTATIONS = YES;
				CLANG_WARN_DIRECT_OBJC_ISA_USAGE = YES_ERROR;
				CLANG_WARN_DOCUMENTATION_COMMENTS = YES;
				CLANG_WARN_EMPTY_BODY = YES;
				CLANG_WARN_ENUM_CONVERSION = YES;
				CLANG_WARN_INFINITE_RECURSION = YES;
				CLANG_WARN_INT_CONVERSION = YES;
				CLANG_WARN_NON_LITERAL_NULL_CONVERSION = YES;
				CLANG_WARN_OBJC_IMPLICIT_RETAIN_SELF = YES;
				CLANG_WARN_OBJC_LITERAL_CONVERSION = YES;
				CLANG_WARN_OBJC_ROOT_CLASS = YES_ERROR;
				CLANG_WARN_QUOTED_INCLUDE_IN_FRAMEWORK_HEADER = YES;
				CLANG_WARN_RANGE_LOOP_ANALYSIS = YES;
				CLANG_WARN_STRICT_PROTOTYPES = YES;
				CLANG_WARN_SUSPICIOUS_MOVE = YES;
				CLANG_WARN_UNGUARDED_AVAILABILITY = YES_AGGRESSIVE;
				CLANG_WARN_UNREACHABLE_CODE = YES;
				CLANG_WARN__DUPLICATE_METHOD_MATCH = YES;
				COPY_PHASE_STRIP = NO;
				DEBUG_INFORMATION_FORMAT = "dwarf-with-dsym";
				ENABLE_NS_ASSERTIONS = NO;
				ENABLE_STRICT_OBJC_MSGSEND = YES;
				GCC_C_LANGUAGE_STANDARD = gnu11;
				GCC_NO_COMMON_BLOCKS = YES;
				GCC_WARN_64_TO_32_BIT_CONVERSION = YES;
				GCC_WARN_ABOUT_RETURN_TYPE = YES_ERROR;
				GCC_WARN_UNDECLARED_SELECTOR = YES;
				GCC_WARN_UNINITIALIZED_AUTOS = YES_AGGRESSIVE;
				GCC_WARN_UNUSED_FUNCTION = YES;
				GCC_WARN_UNUSED_VARIABLE = YES;
				IPHONEOS_DEPLOYMENT_TARGET = 14.4;
				MTL_ENABLE_DEBUG_INFO = NO;
				MTL_FAST_MATH = YES;
				SDKROOT = iphoneos;
				SWIFT_COMPILATION_MODE = wholemodule;
				SWIFT_OPTIMIZATION_LEVEL = "-O";
				VALIDATE_PRODUCT = YES;
			};
			name = Release;
		};
		6AD9DFC725FE57680066BCEF /* Debug */ = {
			isa = XCBuildConfiguration;
			buildSettings = {
				ASSETCATALOG_COMPILER_APPICON_NAME = AppIcon;
				ASSETCATALOG_COMPILER_GLOBAL_ACCENT_COLOR_NAME = AccentColor;
				CODE_SIGN_STYLE = Automatic;
				DEVELOPMENT_ASSET_PATHS = "\"practice/Preview Content\"";
				DEVELOPMENT_TEAM = 8SARQFUQQA;
				ENABLE_PREVIEWS = YES;
				INFOPLIST_FILE = practice/Info.plist;
				IPHONEOS_DEPLOYMENT_TARGET = 14.0;
				LD_RUNPATH_SEARCH_PATHS = (
					"$(inherited)",
					"@executable_path/Frameworks",
				);
				PRODUCT_BUNDLE_IDENTIFIER = taisei.practice;
				PRODUCT_NAME = "$(TARGET_NAME)";
				SWIFT_VERSION = 5.0;
				TARGETED_DEVICE_FAMILY = "1,2";
			};
			name = Debug;
		};
		6AD9DFC825FE57680066BCEF /* Release */ = {
			isa = XCBuildConfiguration;
			buildSettings = {
				ASSETCATALOG_COMPILER_APPICON_NAME = AppIcon;
				ASSETCATALOG_COMPILER_GLOBAL_ACCENT_COLOR_NAME = AccentColor;
				CODE_SIGN_STYLE = Automatic;
				DEVELOPMENT_ASSET_PATHS = "\"practice/Preview Content\"";
				DEVELOPMENT_TEAM = 8SARQFUQQA;
				ENABLE_PREVIEWS = YES;
				INFOPLIST_FILE = practice/Info.plist;
				IPHONEOS_DEPLOYMENT_TARGET = 14.0;
				LD_RUNPATH_SEARCH_PATHS = (
					"$(inherited)",
					"@executable_path/Frameworks",
				);
				PRODUCT_BUNDLE_IDENTIFIER = taisei.practice;
				PRODUCT_NAME = "$(TARGET_NAME)";
				SWIFT_VERSION = 5.0;
				TARGETED_DEVICE_FAMILY = "1,2";
			};
			name = Release;
		};
		6AD9DFCA25FE57680066BCEF /* Debug */ = {
			isa = XCBuildConfiguration;
			buildSettings = {
				ALWAYS_EMBED_SWIFT_STANDARD_LIBRARIES = YES;
				BUNDLE_LOADER = "$(TEST_HOST)";
				CODE_SIGN_STYLE = Automatic;
				DEVELOPMENT_TEAM = 8SARQFUQQA;
				INFOPLIST_FILE = practiceTests/Info.plist;
				IPHONEOS_DEPLOYMENT_TARGET = 14.0;
				LD_RUNPATH_SEARCH_PATHS = (
					"$(inherited)",
					"@executable_path/Frameworks",
					"@loader_path/Frameworks",
				);
				PRODUCT_BUNDLE_IDENTIFIER = taisei.practiceTests;
				PRODUCT_NAME = "$(TARGET_NAME)";
				SWIFT_VERSION = 5.0;
				TARGETED_DEVICE_FAMILY = "1,2";
				TEST_HOST = "$(BUILT_PRODUCTS_DIR)/practice.app/practice";
			};
			name = Debug;
		};
		6AD9DFCB25FE57680066BCEF /* Release */ = {
			isa = XCBuildConfiguration;
			buildSettings = {
				ALWAYS_EMBED_SWIFT_STANDARD_LIBRARIES = YES;
				BUNDLE_LOADER = "$(TEST_HOST)";
				CODE_SIGN_STYLE = Automatic;
				DEVELOPMENT_TEAM = 8SARQFUQQA;
				INFOPLIST_FILE = practiceTests/Info.plist;
				IPHONEOS_DEPLOYMENT_TARGET = 14.0;
				LD_RUNPATH_SEARCH_PATHS = (
					"$(inherited)",
					"@executable_path/Frameworks",
					"@loader_path/Frameworks",
				);
				PRODUCT_BUNDLE_IDENTIFIER = taisei.practiceTests;
				PRODUCT_NAME = "$(TARGET_NAME)";
				SWIFT_VERSION = 5.0;
				TARGETED_DEVICE_FAMILY = "1,2";
				TEST_HOST = "$(BUILT_PRODUCTS_DIR)/practice.app/practice";
			};
			name = Release;
		};
		6AD9DFCD25FE57680066BCEF /* Debug */ = {
			isa = XCBuildConfiguration;
			buildSettings = {
				ALWAYS_EMBED_SWIFT_STANDARD_LIBRARIES = YES;
				CODE_SIGN_STYLE = Automatic;
				DEVELOPMENT_TEAM = 8SARQFUQQA;
				INFOPLIST_FILE = practiceUITests/Info.plist;
				LD_RUNPATH_SEARCH_PATHS = (
					"$(inherited)",
					"@executable_path/Frameworks",
					"@loader_path/Frameworks",
				);
				PRODUCT_BUNDLE_IDENTIFIER = taisei.practiceUITests;
				PRODUCT_NAME = "$(TARGET_NAME)";
				SWIFT_VERSION = 5.0;
				TARGETED_DEVICE_FAMILY = "1,2";
				TEST_TARGET_NAME = practice;
			};
			name = Debug;
		};
		6AD9DFCE25FE57680066BCEF /* Release */ = {
			isa = XCBuildConfiguration;
			buildSettings = {
				ALWAYS_EMBED_SWIFT_STANDARD_LIBRARIES = YES;
				CODE_SIGN_STYLE = Automatic;
				DEVELOPMENT_TEAM = 8SARQFUQQA;
				INFOPLIST_FILE = practiceUITests/Info.plist;
				LD_RUNPATH_SEARCH_PATHS = (
					"$(inherited)",
					"@executable_path/Frameworks",
					"@loader_path/Frameworks",
				);
				PRODUCT_BUNDLE_IDENTIFIER = taisei.practiceUITests;
				PRODUCT_NAME = "$(TARGET_NAME)";
				SWIFT_VERSION = 5.0;
				TARGETED_DEVICE_FAMILY = "1,2";
				TEST_TARGET_NAME = practice;
			};
			name = Release;
		};
/* End XCBuildConfiguration section */

/* Begin XCConfigurationList section */
		6AD9DF9C25FE57640066BCEF /* Build configuration list for PBXProject "practice" */ = {
			isa = XCConfigurationList;
			buildConfigurations = (
				6AD9DFC425FE57680066BCEF /* Debug */,
				6AD9DFC525FE57680066BCEF /* Release */,
			);
			defaultConfigurationIsVisible = 0;
			defaultConfigurationName = Release;
		};
		6AD9DFC625FE57680066BCEF /* Build configuration list for PBXNativeTarget "practice" */ = {
			isa = XCConfigurationList;
			buildConfigurations = (
				6AD9DFC725FE57680066BCEF /* Debug */,
				6AD9DFC825FE57680066BCEF /* Release */,
			);
			defaultConfigurationIsVisible = 0;
			defaultConfigurationName = Release;
		};
		6AD9DFC925FE57680066BCEF /* Build configuration list for PBXNativeTarget "practiceTests" */ = {
			isa = XCConfigurationList;
			buildConfigurations = (
				6AD9DFCA25FE57680066BCEF /* Debug */,
				6AD9DFCB25FE57680066BCEF /* Release */,
			);
			defaultConfigurationIsVisible = 0;
			defaultConfigurationName = Release;
		};
		6AD9DFCC25FE57680066BCEF /* Build configuration list for PBXNativeTarget "practiceUITests" */ = {
			isa = XCConfigurationList;
			buildConfigurations = (
				6AD9DFCD25FE57680066BCEF /* Debug */,
				6AD9DFCE25FE57680066BCEF /* Release */,
			);
			defaultConfigurationIsVisible = 0;
			defaultConfigurationName = Release;
		};
/* End XCConfigurationList section */
	};
	rootObject = 6AD9DF9925FE57640066BCEF /* Project object */;
}
